
Microsoft Visual Studio Solution File, Format Version 12.00
# Visual Studio Version 17
VisualStudioVersion = 17.5.002.0
MinimumVisualStudioVersion = 10.0.40219.1
Project("{9A19103F-16F7-4668-BE54-9A1E7A4F7556}") = "webapi", "webapi.csproj", "{A0DAD0CF-1815-426E-8FD6-8F8A544851CA}"
EndProject
Global
	GlobalSection(SolutionConfigurationPlatforms) = preSolution
		Debug|Any CPU = Debug|Any CPU
		Release|Any CPU = Release|Any CPU
	EndGlobalSection
	GlobalSection(ProjectConfigurationPlatforms) = postSolution
		{A0DAD0CF-1815-426E-8FD6-8F8A544851CA}.Debug|Any CPU.ActiveCfg = Debug|Any CPU
		{A0DAD0CF-1815-426E-8FD6-8F8A544851CA}.Debug|Any CPU.Build.0 = Debug|Any CPU
		{A0DAD0CF-1815-426E-8FD6-8F8A544851CA}.Release|Any CPU.ActiveCfg = Release|Any CPU
		{A0DAD0CF-1815-426E-8FD6-8F8A544851CA}.Release|Any CPU.Build.0 = Release|Any CPU
	EndGlobalSection
	GlobalSection(SolutionProperties) = preSolution
		HideSolutionNode = FALSE
	EndGlobalSection
	GlobalSection(ExtensibilityGlobals) = postSolution
		SolutionGuid = {5CF6B280-5CBD-4CE6-AD44-16F5AC17618F}
	EndGlobalSection
EndGlobal
